<?xml version="1.0" encoding="utf-8"?>
<Project ToolsVersion="4.0" xmlns="http://schemas.microsoft.com/developer/msbuild/2003">
  <ItemGroup>
    <Filter Include="소스 파일">
      <UniqueIdentifier>{4FC737F1-C7A5-4376-A066-2A32D752A2FF}</UniqueIdentifier>
      <Extensions>cpp;c;cc;cxx;c++;def;odl;idl;hpj;bat;asm;asmx</Extensions>
    </Filter>
    <Filter Include="헤더 파일">
      <UniqueIdentifier>{93995380-89BD-4b04-88EB-625FBE52EBFB}</UniqueIdentifier>
      <Extensions>h;hh;hpp;hxx;h++;hm;inl;inc;ipp;xsd</Extensions>
    </Filter>
    <Filter Include="리소스 파일">
      <UniqueIdentifier>{67DA6AB6-F800-4c08-8B7A-83BB121AAD01}</UniqueIdentifier>
      <Extensions>rc;ico;cur;bmp;dlg;rc2;rct;bin;rgs;gif;jpg;jpeg;jpe;resx;tiff;tif;png;wav;mfcribbon-ms</Extensions>
    </Filter>
    <Filter Include="리소스 파일\font">
      <UniqueIdentifier>{e902db44-e67f-4bb8-ac15-f8e9039eae79}</UniqueIdentifier>
    </Filter>
    <Filter Include="리소스 파일\textures">
      <UniqueIdentifier>{19c0eb0f-9709-4f21-a203-4c9585c6128d}</UniqueIdentifier>
    </Filter>
  </ItemGroup>
  <ItemGroup>
    <ClInclude Include="cgut.h">
      <Filter>헤더 파일</Filter>
    </ClInclude>
    <ClInclude Include="cgmath.h">
      <Filter>헤더 파일</Filter>
    </ClInclude>
    <ClInclude Include="shaders.h">
      <Filter>헤더 파일</Filter>
    </ClInclude>
    <ClInclude Include="trackball.h">
      <Filter>헤더 파일</Filter>
    </ClInclude>
    <ClInclude Include="gl\glad\glad.h">
      <Filter>헤더 파일</Filter>
    </ClInclude>
    <ClInclude Include="stb_image.h">
      <Filter>헤더 파일</Filter>
    </ClInclude>
    <ClInclude Include="ft2build.h">
      <Filter>헤더 파일</Filter>
    </ClInclude>
    <ClInclude Include="freetype\config\ftheader.h">
      <Filter>헤더 파일</Filter>
    </ClInclude>
    <ClInclude Include="stb_truetype.h">
      <Filter>헤더 파일</Filter>
    </ClInclude>
    <ClInclude Include="stb_image_write.h">
      <Filter>헤더 파일</Filter>
    </ClInclude>
    <ClInclude Include="resource.h">
      <Filter>헤더 파일</Filter>
    </ClInclude>
  </ItemGroup>
  <ItemGroup>
    <ClCompile Include="main.cpp">
      <Filter>소스 파일</Filter>
    </ClCompile>
    <ClCompile Include="gl\glad\glad.c">
      <Filter>소스 파일</Filter>
    </ClCompile>
  </ItemGroup>
  <ItemGroup>
    <Image Include="textures\background.jpg">
      <Filter>리소스 파일\textures</Filter>
    </Image>
    <Image Include="textures\gameover.jpg">
      <Filter>리소스 파일\textures</Filter>
    </Image>
    <Image Include="textures\howto.jpg">
      <Filter>리소스 파일\textures</Filter>
    </Image>
    <Image Include="textures\obstacle.png">
      <Filter>리소스 파일\textures</Filter>
    </Image>
    <Image Include="textures\player.png">
      <Filter>리소스 파일\textures</Filter>
    </Image>
    <Image Include="textures\tiles.png">
      <Filter>리소스 파일\textures</Filter>
    </Image>
    <Image Include="textures\title.jpg">
      <Filter>리소스 파일\textures</Filter>
    </Image>
  </ItemGroup>
  <ItemGroup>
    <Font Include="font\LBRITE.TTF">
      <Filter>리소스 파일\font</Filter>
    </Font>
  </ItemGroup>
</Project>